// !$*UTF8*$!
{
	archiveVersion = 1;
	classes = {
	};
	objectVersion = 50;
	objects = {

/* Begin PBXBuildFile section */
		AF4BF2F221BAC29F00EB501F /* AppDelegate.swift in Sources */ = {isa = PBXBuildFile; fileRef = AF4BF2F121BAC29F00EB501F /* AppDelegate.swift */; };
		AF4BF2F421BAC29F00EB501F /* ViewController.swift in Sources */ = {isa = PBXBuildFile; fileRef = AF4BF2F321BAC29F00EB501F /* ViewController.swift */; };
		AF4BF2F721BAC29F00EB501F /* Main.storyboard in Resources */ = {isa = PBXBuildFile; fileRef = AF4BF2F521BAC29F00EB501F /* Main.storyboard */; };
		AF4BF2F921BAC2A000EB501F /* Assets.xcassets in Resources */ = {isa = PBXBuildFile; fileRef = AF4BF2F821BAC2A000EB501F /* Assets.xcassets */; };
		AF4BF2FC21BAC2A000EB501F /* LaunchScreen.storyboard in Resources */ = {isa = PBXBuildFile; fileRef = AF4BF2FA21BAC2A000EB501F /* LaunchScreen.storyboard */; };
		AF4BF30421BACE4D00EB501F /* Card.swift in Sources */ = {isa = PBXBuildFile; fileRef = AF4BF30321BACE4D00EB501F /* Card.swift */; };
		AF4BF30621BACE6600EB501F /* Animal.swift in Sources */ = {isa = PBXBuildFile; fileRef = AF4BF30521BACE6600EB501F /* Animal.swift */; };
		AF4BF31821BACFEF00EB501F /* CardTests.swift in Sources */ = {isa = PBXBuildFile; fileRef = AF4BF30821BACF5800EB501F /* CardTests.swift */; };
		AFEB27AF21C00B9A000E0E20 /* Board.storyboard in Resources */ = {isa = PBXBuildFile; fileRef = AFEB27AE21C00B9A000E0E20 /* Board.storyboard */; };
		AFEB27B121C00D55000E0E20 /* BoardController.swift in Sources */ = {isa = PBXBuildFile; fileRef = AFEB27B021C00D55000E0E20 /* BoardController.swift */; };
/* End PBXBuildFile section */

/* Begin PBXContainerItemProxy section */
		AF4BF31321BACFDF00EB501F /* PBXContainerItemProxy */ = {
			isa = PBXContainerItemProxy;
			containerPortal = AF4BF2E621BAC29F00EB501F /* Project object */;
			proxyType = 1;
			remoteGlobalIDString = AF4BF2ED21BAC29F00EB501F;
			remoteInfo = Concentration;
		};
/* End PBXContainerItemProxy section */

/* Begin PBXFileReference section */
		AF4BF2EE21BAC29F00EB501F /* Concentration.app */ = {isa = PBXFileReference; explicitFileType = wrapper.application; includeInIndex = 0; path = Concentration.app; sourceTree = BUILT_PRODUCTS_DIR; };
		AF4BF2F121BAC29F00EB501F /* AppDelegate.swift */ = {isa = PBXFileReference; lastKnownFileType = sourcecode.swift; path = AppDelegate.swift; sourceTree = "<group>"; };
		AF4BF2F321BAC29F00EB501F /* ViewController.swift */ = {isa = PBXFileReference; lastKnownFileType = sourcecode.swift; path = ViewController.swift; sourceTree = "<group>"; };
		AF4BF2F621BAC29F00EB501F /* Base */ = {isa = PBXFileReference; lastKnownFileType = file.storyboard; name = Base; path = Base.lproj/Main.storyboard; sourceTree = "<group>"; };
		AF4BF2F821BAC2A000EB501F /* Assets.xcassets */ = {isa = PBXFileReference; lastKnownFileType = folder.assetcatalog; path = Assets.xcassets; sourceTree = "<group>"; };
		AF4BF2FB21BAC2A000EB501F /* Base */ = {isa = PBXFileReference; lastKnownFileType = file.storyboard; name = Base; path = Base.lproj/LaunchScreen.storyboard; sourceTree = "<group>"; };
		AF4BF2FD21BAC2A000EB501F /* Info.plist */ = {isa = PBXFileReference; lastKnownFileType = text.plist.xml; path = Info.plist; sourceTree = "<group>"; };
		AF4BF30321BACE4D00EB501F /* Card.swift */ = {isa = PBXFileReference; lastKnownFileType = sourcecode.swift; path = Card.swift; sourceTree = "<group>"; };
		AF4BF30521BACE6600EB501F /* Animal.swift */ = {isa = PBXFileReference; lastKnownFileType = sourcecode.swift; path = Animal.swift; sourceTree = "<group>"; };
		AF4BF30821BACF5800EB501F /* CardTests.swift */ = {isa = PBXFileReference; lastKnownFileType = sourcecode.swift; path = CardTests.swift; sourceTree = "<group>"; };
		AF4BF30E21BACFDF00EB501F /* ConcentrationTests.xctest */ = {isa = PBXFileReference; explicitFileType = wrapper.cfbundle; includeInIndex = 0; path = ConcentrationTests.xctest; sourceTree = BUILT_PRODUCTS_DIR; };
		AF4BF31221BACFDF00EB501F /* Info.plist */ = {isa = PBXFileReference; lastKnownFileType = text.plist.xml; path = Info.plist; sourceTree = "<group>"; };
		AFEB27AE21C00B9A000E0E20 /* Board.storyboard */ = {isa = PBXFileReference; lastKnownFileType = file.storyboard; path = Board.storyboard; sourceTree = "<group>"; };
		AFEB27B021C00D55000E0E20 /* BoardController.swift */ = {isa = PBXFileReference; lastKnownFileType = sourcecode.swift; path = BoardController.swift; sourceTree = "<group>"; };
/* End PBXFileReference section */

/* Begin PBXFrameworksBuildPhase section */
		AF4BF2EB21BAC29F00EB501F /* Frameworks */ = {
			isa = PBXFrameworksBuildPhase;
			buildActionMask = 2147483647;
			files = (
			);
			runOnlyForDeploymentPostprocessing = 0;
		};
		AF4BF30B21BACFDF00EB501F /* Frameworks */ = {
			isa = PBXFrameworksBuildPhase;
			buildActionMask = 2147483647;
			files = (
			);
			runOnlyForDeploymentPostprocessing = 0;
		};
/* End PBXFrameworksBuildPhase section */

/* Begin PBXGroup section */
		AF4BF2E521BAC29F00EB501F = {
			isa = PBXGroup;
			children = (
				AF4BF2F021BAC29F00EB501F /* Concentration */,
				AF4BF30F21BACFDF00EB501F /* ConcentrationTests */,
				AF4BF2EF21BAC29F00EB501F /* Products */,
			);
			sourceTree = "<group>";
		};
		AF4BF2EF21BAC29F00EB501F /* Products */ = {
			isa = PBXGroup;
			children = (
				AF4BF2EE21BAC29F00EB501F /* Concentration.app */,
				AF4BF30E21BACFDF00EB501F /* ConcentrationTests.xctest */,
			);
			name = Products;
			sourceTree = "<group>";
		};
		AF4BF2F021BAC29F00EB501F /* Concentration */ = {
			isa = PBXGroup;
			children = (
				AF4BF2F121BAC29F00EB501F /* AppDelegate.swift */,
				AF4BF2F321BAC29F00EB501F /* ViewController.swift */,
				AF4BF2F521BAC29F00EB501F /* Main.storyboard */,
				AF4BF2F821BAC2A000EB501F /* Assets.xcassets */,
				AF4BF2FA21BAC2A000EB501F /* LaunchScreen.storyboard */,
				AFEB27AE21C00B9A000E0E20 /* Board.storyboard */,
				AFEB27B021C00D55000E0E20 /* BoardController.swift */,
				AF4BF2FD21BAC2A000EB501F /* Info.plist */,
				AF4BF30321BACE4D00EB501F /* Card.swift */,
				AF4BF30521BACE6600EB501F /* Animal.swift */,
			);
			path = Concentration;
			sourceTree = "<group>";
		};
		AF4BF30F21BACFDF00EB501F /* ConcentrationTests */ = {
			isa = PBXGroup;
			children = (
				AF4BF30821BACF5800EB501F /* CardTests.swift */,
				AF4BF31221BACFDF00EB501F /* Info.plist */,
			);
			path = ConcentrationTests;
			sourceTree = "<group>";
		};
/* End PBXGroup section */

/* Begin PBXNativeTarget section */
		AF4BF2ED21BAC29F00EB501F /* Concentration */ = {
			isa = PBXNativeTarget;
			buildConfigurationList = AF4BF30021BAC2A000EB501F /* Build configuration list for PBXNativeTarget "Concentration" */;
			buildPhases = (
				AF4BF2EA21BAC29F00EB501F /* Sources */,
				AF4BF2EB21BAC29F00EB501F /* Frameworks */,
				AF4BF2EC21BAC29F00EB501F /* Resources */,
			);
			buildRules = (
			);
			dependencies = (
			);
			name = Concentration;
			productName = Concentration;
			productReference = AF4BF2EE21BAC29F00EB501F /* Concentration.app */;
			productType = "com.apple.product-type.application";
		};
		AF4BF30D21BACFDF00EB501F /* ConcentrationTests */ = {
			isa = PBXNativeTarget;
			buildConfigurationList = AF4BF31521BACFDF00EB501F /* Build configuration list for PBXNativeTarget "ConcentrationTests" */;
			buildPhases = (
				AF4BF30A21BACFDF00EB501F /* Sources */,
				AF4BF30B21BACFDF00EB501F /* Frameworks */,
				AF4BF30C21BACFDF00EB501F /* Resources */,
			);
			buildRules = (
			);
			dependencies = (
				AF4BF31421BACFDF00EB501F /* PBXTargetDependency */,
			);
			name = ConcentrationTests;
			productName = ConcentrationTests;
			productReference = AF4BF30E21BACFDF00EB501F /* ConcentrationTests.xctest */;
			productType = "com.apple.product-type.bundle.unit-test";
		};
/* End PBXNativeTarget section */

/* Begin PBXProject section */
		AF4BF2E621BAC29F00EB501F /* Project object */ = {
			isa = PBXProject;
			attributes = {
				LastSwiftUpdateCheck = 1010;
				LastUpgradeCheck = 1010;
				ORGANIZATIONNAME = "Siddiqui, Arham J";
				TargetAttributes = {
					AF4BF2ED21BAC29F00EB501F = {
						CreatedOnToolsVersion = 10.1;
					};
					AF4BF30D21BACFDF00EB501F = {
						CreatedOnToolsVersion = 10.1;
						TestTargetID = AF4BF2ED21BAC29F00EB501F;
					};
				};
			};
			buildConfigurationList = AF4BF2E921BAC29F00EB501F /* Build configuration list for PBXProject "Concentration" */;
			compatibilityVersion = "Xcode 9.3";
			developmentRegion = en;
			hasScannedForEncodings = 0;
			knownRegions = (
				en,
				Base,
			);
			mainGroup = AF4BF2E521BAC29F00EB501F;
			productRefGroup = AF4BF2EF21BAC29F00EB501F /* Products */;
			projectDirPath = "";
			projectRoot = "";
			targets = (
				AF4BF2ED21BAC29F00EB501F /* Concentration */,
				AF4BF30D21BACFDF00EB501F /* ConcentrationTests */,
			);
		};
/* End PBXProject section */

/* Begin PBXResourcesBuildPhase section */
		AF4BF2EC21BAC29F00EB501F /* Resources */ = {
			isa = PBXResourcesBuildPhase;
			buildActionMask = 2147483647;
			files = (
				AF4BF2FC21BAC2A000EB501F /* LaunchScreen.storyboard in Resources */,
				AF4BF2F921BAC2A000EB501F /* Assets.xcassets in Resources */,
				AF4BF2F721BAC29F00EB501F /* Main.storyboard in Resources */,
				AFEB27AF21C00B9A000E0E20 /* Board.storyboard in Resources */,
			);
			runOnlyForDeploymentPostprocessing = 0;
		};
		AF4BF30C21BACFDF00EB501F /* Resources */ = {
			isa = PBXResourcesBuildPhase;
			buildActionMask = 2147483647;
			files = (
			);
			runOnlyForDeploymentPostprocessing = 0;
		};
/* End PBXResourcesBuildPhase section */

/* Begin PBXSourcesBuildPhase section */
		AF4BF2EA21BAC29F00EB501F /* Sources */ = {
			isa = PBXSourcesBuildPhase;
			buildActionMask = 2147483647;
			files = (
				AF4BF2F421BAC29F00EB501F /* ViewController.swift in Sources */,
				AFEB27B121C00D55000E0E20 /* BoardController.swift in Sources */,
				AF4BF30621BACE6600EB501F /* Animal.swift in Sources */,
				AF4BF30421BACE4D00EB501F /* Card.swift in Sources */,
				AF4BF2F221BAC29F00EB501F /* AppDelegate.swift in Sources */,
			);
			runOnlyForDeploymentPostprocessing = 0;
		};
		AF4BF30A21BACFDF00EB501F /* Sources */ = {
			isa = PBXSourcesBuildPhase;
			buildActionMask = 2147483647;
			files = (
				AF4BF31821BACFEF00EB501F /* CardTests.swift in Sources */,
			);
			runOnlyForDeploymentPostprocessing = 0;
		};
/* End PBXSourcesBuildPhase section */

/* Begin PBXTargetDependency section */
		AF4BF31421BACFDF00EB501F /* PBXTargetDependency */ = {
			isa = PBXTargetDependency;
			target = AF4BF2ED21BAC29F00EB501F /* Concentration */;
			targetProxy = AF4BF31321BACFDF00EB501F /* PBXContainerItemProxy */;
		};
/* End PBXTargetDependency section */

/* Begin PBXVariantGroup section */
		AF4BF2F521BAC29F00EB501F /* Main.storyboard */ = {
			isa = PBXVariantGroup;
			children = (
				AF4BF2F621BAC29F00EB501F /* Base */,
			);
			name = Main.storyboard;
			sourceTree = "<group>";
		};
		AF4BF2FA21BAC2A000EB501F /* LaunchScreen.storyboard */ = {
			isa = PBXVariantGroup;
			children = (
				AF4BF2FB21BAC2A000EB501F /* Base */,
			);
			name = LaunchScreen.storyboard;
			sourceTree = "<group>";
		};
/* End PBXVariantGroup section */

/* Begin XCBuildConfiguration section */
		AF4BF2FE21BAC2A000EB501F /* Debug */ = {
			isa = XCBuildConfiguration;
			buildSettings = {
				ALWAYS_SEARCH_USER_PATHS = NO;
				CLANG_ANALYZER_NONNULL = YES;
				CLANG_ANALYZER_NUMBER_OBJECT_CONVERSION = YES_AGGRESSIVE;
				CLANG_CXX_LANGUAGE_STANDARD = "gnu++14";
				CLANG_CXX_LIBRARY = "libc++";
				CLANG_ENABLE_MODULES = YES;
				CLANG_ENABLE_OBJC_ARC = YES;
				CLANG_ENABLE_OBJC_WEAK = YES;
				CLANG_WARN_BLOCK_CAPTURE_AUTORELEASING = YES;
				CLANG_WARN_BOOL_CONVERSION = YES;
				CLANG_WARN_COMMA = YES;
				CLANG_WARN_CONSTANT_CONVERSION = YES;
				CLANG_WARN_DEPRECATED_OBJC_IMPLEMENTATIONS = YES;
				CLANG_WARN_DIRECT_OBJC_ISA_USAGE = YES_ERROR;
				CLANG_WARN_DOCUMENTATION_COMMENTS = YES;
				CLANG_WARN_EMPTY_BODY = YES;
				CLANG_WARN_ENUM_CONVERSION = YES;
				CLANG_WARN_INFINITE_RECURSION = YES;
				CLANG_WARN_INT_CONVERSION = YES;
				CLANG_WARN_NON_LITERAL_NULL_CONVERSION = YES;
				CLANG_WARN_OBJC_IMPLICIT_RETAIN_SELF = YES;
				CLANG_WARN_OBJC_LITERAL_CONVERSION = YES;
				CLANG_WARN_OBJC_ROOT_CLASS = YES_ERROR;
				CLANG_WARN_RANGE_LOOP_ANALYSIS = YES;
				CLANG_WARN_STRICT_PROTOTYPES = YES;
				CLANG_WARN_SUSPICIOUS_MOVE = YES;
				CLANG_WARN_UNGUARDED_AVAILABILITY = YES_AGGRESSIVE;
				CLANG_WARN_UNREACHABLE_CODE = YES;
				CLANG_WARN__DUPLICATE_METHOD_MATCH = YES;
				CODE_SIGN_IDENTITY = "iPhone Developer";
				COPY_PHASE_STRIP = NO;
				DEBUG_INFORMATION_FORMAT = dwarf;
				ENABLE_STRICT_OBJC_MSGSEND = YES;
				ENABLE_TESTABILITY = YES;
				GCC_C_LANGUAGE_STANDARD = gnu11;
				GCC_DYNAMIC_NO_PIC = NO;
				GCC_NO_COMMON_BLOCKS = YES;
				GCC_OPTIMIZATION_LEVEL = 0;
				GCC_PREPROCESSOR_DEFINITIONS = (
					"DEBUG=1",
					"$(inherited)",
				);
				GCC_WARN_64_TO_32_BIT_CONVERSION = YES;
				GCC_WARN_ABOUT_RETURN_TYPE = YES_ERROR;
				GCC_WARN_UNDECLARED_SELECTOR = YES;
				GCC_WARN_UNINITIALIZED_AUTOS = YES_AGGRESSIVE;
				GCC_WARN_UNUSED_FUNCTION = YES;
				GCC_WARN_UNUSED_VARIABLE = YES;
				IPHONEOS_DEPLOYMENT_TARGET = 12.1;
				MTL_ENABLE_DEBUG_INFO = INCLUDE_SOURCE;
				MTL_FAST_MATH = YES;
				ONLY_ACTIVE_ARCH = YES;
				SDKROOT = iphoneos;
				SWIFT_ACTIVE_COMPILATION_CONDITIONS = DEBUG;
				SWIFT_OPTIMIZATION_LEVEL = "-Onone";
			};
			name = Debug;
		};
		AF4BF2FF21BAC2A000EB501F /* Release */ = {
			isa = XCBuildConfiguration;
			buildSettings = {
				ALWAYS_SEARCH_USER_PATHS = NO;
				CLANG_ANALYZER_NONNULL = YES;
				CLANG_ANALYZER_NUMBER_OBJECT_CONVERSION = YES_AGGRESSIVE;
				CLANG_CXX_LANGUAGE_STANDARD = "gnu++14";
				CLANG_CXX_LIBRARY = "libc++";
				CLANG_ENABLE_MODULES = YES;
				CLANG_ENABLE_OBJC_ARC = YES;
				CLANG_ENABLE_OBJC_WEAK = YES;
				CLANG_WARN_BLOCK_CAPTURE_AUTORELEASING = YES;
				CLANG_WARN_BOOL_CONVERSION = YES;
				CLANG_WARN_COMMA = YES;
				CLANG_WARN_CONSTANT_CONVERSION = YES;
				CLANG_WARN_DEPRECATED_OBJC_IMPLEMENTATIONS = YES;
				CLANG_WARN_DIRECT_OBJC_ISA_USAGE = YES_ERROR;
				CLANG_WARN_DOCUMENTATION_COMMENTS = YES;
				CLANG_WARN_EMPTY_BODY = YES;
				CLANG_WARN_ENUM_CONVERSION = YES;
				CLANG_WARN_INFINITE_RECURSION = YES;
				CLANG_WARN_INT_CONVERSION = YES;
				CLANG_WARN_NON_LITERAL_NULL_CONVERSION = YES;
				CLANG_WARN_OBJC_IMPLICIT_RETAIN_SELF = YES;
				CLANG_WARN_OBJC_LITERAL_CONVERSION = YES;
				CLANG_WARN_OBJC_ROOT_CLASS = YES_ERROR;
				CLANG_WARN_RANGE_LOOP_ANALYSIS = YES;
				CLANG_WARN_STRICT_PROTOTYPES = YES;
				CLANG_WARN_SUSPICIOUS_MOVE = YES;
				CLANG_WARN_UNGUARDED_AVAILABILITY = YES_AGGRESSIVE;
				CLANG_WARN_UNREACHABLE_CODE = YES;
				CLANG_WARN__DUPLICATE_METHOD_MATCH = YES;
				CODE_SIGN_IDENTITY = "iPhone Developer";
				COPY_PHASE_STRIP = NO;
				DEBUG_INFORMATION_FORMAT = "dwarf-with-dsym";
				ENABLE_NS_ASSERTIONS = NO;
				ENABLE_STRICT_OBJC_MSGSEND = YES;
				GCC_C_LANGUAGE_STANDARD = gnu11;
				GCC_NO_COMMON_BLOCKS = YES;
				GCC_WARN_64_TO_32_BIT_CONVERSION = YES;
				GCC_WARN_ABOUT_RETURN_TYPE = YES_ERROR;
				GCC_WARN_UNDECLARED_SELECTOR = YES;
				GCC_WARN_UNINITIALIZED_AUTOS = YES_AGGRESSIVE;
				GCC_WARN_UNUSED_FUNCTION = YES;
				GCC_WARN_UNUSED_VARIABLE = YES;
				IPHONEOS_DEPLOYMENT_TARGET = 12.1;
				MTL_ENABLE_DEBUG_INFO = NO;
				MTL_FAST_MATH = YES;
				SDKROOT = iphoneos;
				SWIFT_COMPILATION_MODE = wholemodule;
				SWIFT_OPTIMIZATION_LEVEL = "-O";
				VALIDATE_PRODUCT = YES;
			};
			name = Release;
		};
		AF4BF30121BAC2A000EB501F /* Debug */ = {
			isa = XCBuildConfiguration;
			buildSettings = {
				ASSETCATALOG_COMPILER_APPICON_NAME = AppIcon;
				CODE_SIGN_STYLE = Automatic;
				INFOPLIST_FILE = Concentration/Info.plist;
				LD_RUNPATH_SEARCH_PATHS = (
					"$(inherited)",
					"@executable_path/Frameworks",
				);
				PRODUCT_BUNDLE_IDENTIFIER = com.github.arham4.Concentration;
				PRODUCT_NAME = "$(TARGET_NAME)";
				SWIFT_VERSION = 4.2;
				TARGETED_DEVICE_FAMILY = "1,2";
			};
			name = Debug;
		};
		AF4BF30221BAC2A000EB501F /* Release */ = {
			isa = XCBuildConfiguration;
			buildSettings = {
				ASSETCATALOG_COMPILER_APPICON_NAME = AppIcon;
				CODE_SIGN_STYLE = Automatic;
				INFOPLIST_FILE = Concentration/Info.plist;
				LD_RUNPATH_SEARCH_PATHS = (
					"$(inherited)",
					"@executable_path/Frameworks",
				);
				PRODUCT_BUNDLE_IDENTIFIER = com.github.arham4.Concentration;
				PRODUCT_NAME = "$(TARGET_NAME)";
				SWIFT_VERSION = 4.2;
				TARGETED_DEVICE_FAMILY = "1,2";
			};
			name = Release;
		};
		AF4BF31621BACFDF00EB501F /* Debug */ = {
			isa = XCBuildConfiguration;
			buildSettings = {
				BUNDLE_LOADER = "$(TEST_HOST)";
				CODE_SIGN_STYLE = Automatic;
				INFOPLIST_FILE = ConcentrationTests/Info.plist;
				LD_RUNPATH_SEARCH_PATHS = (
					"$(inherited)",
					"@executable_path/Frameworks",
					"@loader_path/Frameworks",
				);
				PRODUCT_BUNDLE_IDENTIFIER = com.github.arham4.ConcentrationTests;
				PRODUCT_NAME = "$(TARGET_NAME)";
				SWIFT_VERSION = 4.2;
				TARGETED_DEVICE_FAMILY = "1,2";
				TEST_HOST = "$(BUILT_PRODUCTS_DIR)/Concentration.app/Concentration";
			};
			name = Debug;
		};
		AF4BF31721BACFDF00EB501F /* Release */ = {
			isa = XCBuildConfiguration;
			buildSettings = {
				BUNDLE_LOADER = "$(TEST_HOST)";
				CODE_SIGN_STYLE = Automatic;
				INFOPLIST_FILE = ConcentrationTests/Info.plist;
				LD_RUNPATH_SEARCH_PATHS = (
					"$(inherited)",
					"@executable_path/Frameworks",
					"@loader_path/Frameworks",
				);
				PRODUCT_BUNDLE_IDENTIFIER = com.github.arham4.ConcentrationTests;
				PRODUCT_NAME = "$(TARGET_NAME)";
				SWIFT_VERSION = 4.2;
				TARGETED_DEVICE_FAMILY = "1,2";
				TEST_HOST = "$(BUILT_PRODUCTS_DIR)/Concentration.app/Concentration";
			};
			name = Release;
		};
/* End XCBuildConfiguration section */

/* Begin XCConfigurationList section */
		AF4BF2E921BAC29F00EB501F /* Build configuration list for PBXProject "Concentration" */ = {
			isa = XCConfigurationList;
			buildConfigurations = (
				AF4BF2FE21BAC2A000EB501F /* Debug */,
				AF4BF2FF21BAC2A000EB501F /* Release */,
			);
			defaultConfigurationIsVisible = 0;
			defaultConfigurationName = Release;
		};
		AF4BF30021BAC2A000EB501F /* Build configuration list for PBXNativeTarget "Concentration" */ = {
			isa = XCConfigurationList;
			buildConfigurations = (
				AF4BF30121BAC2A000EB501F /* Debug */,
				AF4BF30221BAC2A000EB501F /* Release */,
			);
			defaultConfigurationIsVisible = 0;
			defaultConfigurationName = Release;
		};
		AF4BF31521BACFDF00EB501F /* Build configuration list for PBXNativeTarget "ConcentrationTests" */ = {
			isa = XCConfigurationList;
			buildConfigurations = (
				AF4BF31621BACFDF00EB501F /* Debug */,
				AF4BF31721BACFDF00EB501F /* Release */,
			);
			defaultConfigurationIsVisible = 0;
			defaultConfigurationName = Release;
		};
/* End XCConfigurationList section */
	};
	rootObject = AF4BF2E621BAC29F00EB501F /* Project object */;
}
